dependencies:
- name: minio
  repository: https://rh-ai-kickstart.github.io/ai-architecture-charts
  version: 0.1.0
- name: pgvector
  repository: https://rh-ai-kickstart.github.io/ai-architecture-charts
  version: 0.1.0
- name: mcp-weather
  repository: https://rh-ai-kickstart.github.io/ai-architecture-charts
  version: 0.1.0
- name: llm-service
  repository: https://rh-ai-kickstart.github.io/ai-architecture-charts
  version: 0.1.0
- name: llama-stack
  repository: file://../../../../ai-architecture-charts/llama-stack/helm
  version: 0.2.12
- name: configure-pipeline
  repository: https://rh-ai-kickstart.github.io/ai-architecture-charts
  version: 0.1.0
- name: ingestion-pipeline
  repository: https://rh-ai-kickstart.github.io/ai-architecture-charts
  version: 0.2.9
digest: sha256:ece79466dad571e840bfc3ebe52cc11cca1105f292a1fc4816da231d977cc635
generated: "2025-06-26T15:26:44.127415-05:00"
