dependencies:
- name: minio
  repository: https://rh-ai-kickstart.github.io/ai-architecture-charts
  version: 0.1.0
- name: pgvector
  repository: file://../../../../ai-architecture-charts/pgvector/helm
  version: 0.1.0
- name: mcp-weather
  repository: https://rh-ai-kickstart.github.io/ai-architecture-charts
  version: 0.1.0
- name: llm-service
  repository: https://rh-ai-kickstart.github.io/ai-architecture-charts
  version: 0.1.0
- name: llama-stack
  repository: file://../../../../ai-architecture-charts/llama-stack/helm
  version: 0.2.14
- name: configure-pipeline
  repository: https://rh-ai-kickstart.github.io/ai-architecture-charts
  version: 0.1.0
- name: ingestion-pipeline
  repository: file://../../../../ai-architecture-charts/ingestion-pipeline/helm
  version: 0.2.14
digest: sha256:37655f1aca2411d60d33e32823688b06a07f1b5e8768667db92035892778b3f2
generated: "2025-07-17T11:56:36.831528-05:00"
